
Microsoft Visual Studio Solution File, Format Version 12.00
# Visual Studio Version 16
VisualStudioVersion = 16.0.31019.35
MinimumVisualStudioVersion = 10.0.40219.1
Project("{FAE04EC0-301F-11D3-BF4B-00C04F79EFBC}") = "ExeCRUD", "ExeCRUD\ExeCRUD.csproj", "{742098D2-678A-4C5C-A68B-8ACA7D9E3368}"
EndProject
Global
	GlobalSection(SolutionConfigurationPlatforms) = preSolution
		Debug|Any CPU = Debug|Any CPU
		Release|Any CPU = Release|Any CPU
	EndGlobalSection
	GlobalSection(ProjectConfigurationPlatforms) = postSolution
		{742098D2-678A-4C5C-A68B-8ACA7D9E3368}.Debug|Any CPU.ActiveCfg = Debug|Any CPU
		{742098D2-678A-4C5C-A68B-8ACA7D9E3368}.Debug|Any CPU.Build.0 = Debug|Any CPU
		{742098D2-678A-4C5C-A68B-8ACA7D9E3368}.Release|Any CPU.ActiveCfg = Release|Any CPU
		{742098D2-678A-4C5C-A68B-8ACA7D9E3368}.Release|Any CPU.Build.0 = Release|Any CPU
	EndGlobalSection
	GlobalSection(SolutionProperties) = preSolution
		HideSolutionNode = FALSE
	EndGlobalSection
	GlobalSection(ExtensibilityGlobals) = postSolution
		SolutionGuid = {3A202194-9463-44ED-8E33-0FEEB6558743}
	EndGlobalSection
EndGlobal
